
Microsoft Visual Studio Solution File, Format Version 12.00
# Visual Studio 15
VisualStudioVersion = 15.0.26730.12
MinimumVisualStudioVersion = 10.0.40219.1
Project("{2150E333-8FDC-42A3-9474-1A3956D46DE8}") = "1 - Presentation", "1 - Presentation", "{D697560B-3FFE-41DA-A10B-C6A1A8841AF7}"
EndProject
Project("{2150E333-8FDC-42A3-9474-1A3956D46DE8}") = "2 - Services", "2 - Services", "{1812A8A7-C762-4B91-A37D-D8557F0995A5}"
EndProject
Project("{2150E333-8FDC-42A3-9474-1A3956D46DE8}") = "3 - Application", "3 - Application", "{57AD41FE-4618-49FE-84F4-5CB6B0E4AAEE}"
EndProject
Project("{2150E333-8FDC-42A3-9474-1A3956D46DE8}") = "4 - Domain", "4 - Domain", "{1F7C36B3-849B-4B69-8038-0C0C99382D7E}"
EndProject
Project("{2150E333-8FDC-42A3-9474-1A3956D46DE8}") = "5 - Infra", "5 - Infra", "{57D54CBE-FBB4-42FB-A0AB-511E476200AD}"
EndProject
Project("{2150E333-8FDC-42A3-9474-1A3956D46DE8}") = "5.1 - Data", "5.1 - Data", "{3967F374-A924-46AB-BA7F-4F9DF52167E7}"
EndProject
Project("{2150E333-8FDC-42A3-9474-1A3956D46DE8}") = "5.2 - CrossCutting", "5.2 - CrossCutting", "{C9300898-1B0E-45EE-A2E2-6871393AE45D}"
EndProject
Project("{2150E333-8FDC-42A3-9474-1A3956D46DE8}") = "Users", "Users", "{BB0232C4-6425-47BA-B0D8-E77184AB9B73}"
EndProject
Project("{9A19103F-16F7-4668-BE54-9A1E7A4F7556}") = "SAESP.Domain.Core", "App\SAESP.Domain.Core\SAESP.Domain.Core.csproj", "{6B3C634B-9100-4765-ACCF-0EC9C8FE423A}"
EndProject
Project("{9A19103F-16F7-4668-BE54-9A1E7A4F7556}") = "SAESP.Users.Domain", "App\SAESP.Users.Domain\SAESP.Users.Domain.csproj", "{02891628-B399-4D68-AB3B-0E6613CB0692}"
EndProject
Project("{9A19103F-16F7-4668-BE54-9A1E7A4F7556}") = "SAESP.Infra.CrossCutting.Ioc", "App\SAESP.Infra.CrossCutting.Ioc\SAESP.Infra.CrossCutting.Ioc.csproj", "{C5DB9332-8009-4E1D-878E-7A6488E0C00D}"
EndProject
Project("{9A19103F-16F7-4668-BE54-9A1E7A4F7556}") = "SAESP.Users.UnitTest", "Test\SAESP.Users.UnitTest\SAESP.Users.UnitTest.csproj", "{81008336-34CD-4C53-937C-33B4D41889D7}"
EndProject
Project("{9A19103F-16F7-4668-BE54-9A1E7A4F7556}") = "SAESP.Users.Application", "App\SAESP.Users.Application\SAESP.Users.Application.csproj", "{3BDC251F-F289-4D45-B527-253D69ED2541}"
EndProject
Project("{9A19103F-16F7-4668-BE54-9A1E7A4F7556}") = "SAESP.Infra.Data", "App\SAESP.Infra.Data\SAESP.Infra.Data.csproj", "{9BC2B14C-A87B-4579-AD4B-FC7E82474E2E}"
EndProject
Project("{FAE04EC0-301F-11D3-BF4B-00C04F79EFBC}") = "SAESP.API", "App\SAESP.API\SAESP.API.csproj", "{14091B25-7ADA-4364-A1D5-D034A3318E9B}"
EndProject
Global
	GlobalSection(SolutionConfigurationPlatforms) = preSolution
		Debug|Any CPU = Debug|Any CPU
		Release|Any CPU = Release|Any CPU
	EndGlobalSection
	GlobalSection(ProjectConfigurationPlatforms) = postSolution
		{6B3C634B-9100-4765-ACCF-0EC9C8FE423A}.Debug|Any CPU.ActiveCfg = Debug|Any CPU
		{6B3C634B-9100-4765-ACCF-0EC9C8FE423A}.Debug|Any CPU.Build.0 = Debug|Any CPU
		{6B3C634B-9100-4765-ACCF-0EC9C8FE423A}.Release|Any CPU.ActiveCfg = Release|Any CPU
		{6B3C634B-9100-4765-ACCF-0EC9C8FE423A}.Release|Any CPU.Build.0 = Release|Any CPU
		{02891628-B399-4D68-AB3B-0E6613CB0692}.Debug|Any CPU.ActiveCfg = Debug|Any CPU
		{02891628-B399-4D68-AB3B-0E6613CB0692}.Debug|Any CPU.Build.0 = Debug|Any CPU
		{02891628-B399-4D68-AB3B-0E6613CB0692}.Release|Any CPU.ActiveCfg = Release|Any CPU
		{02891628-B399-4D68-AB3B-0E6613CB0692}.Release|Any CPU.Build.0 = Release|Any CPU
		{C5DB9332-8009-4E1D-878E-7A6488E0C00D}.Debug|Any CPU.ActiveCfg = Debug|Any CPU
		{C5DB9332-8009-4E1D-878E-7A6488E0C00D}.Debug|Any CPU.Build.0 = Debug|Any CPU
		{C5DB9332-8009-4E1D-878E-7A6488E0C00D}.Release|Any CPU.ActiveCfg = Release|Any CPU
		{C5DB9332-8009-4E1D-878E-7A6488E0C00D}.Release|Any CPU.Build.0 = Release|Any CPU
		{81008336-34CD-4C53-937C-33B4D41889D7}.Debug|Any CPU.ActiveCfg = Debug|Any CPU
		{81008336-34CD-4C53-937C-33B4D41889D7}.Debug|Any CPU.Build.0 = Debug|Any CPU
		{81008336-34CD-4C53-937C-33B4D41889D7}.Release|Any CPU.ActiveCfg = Release|Any CPU
		{81008336-34CD-4C53-937C-33B4D41889D7}.Release|Any CPU.Build.0 = Release|Any CPU
		{3BDC251F-F289-4D45-B527-253D69ED2541}.Debug|Any CPU.ActiveCfg = Debug|Any CPU
		{3BDC251F-F289-4D45-B527-253D69ED2541}.Debug|Any CPU.Build.0 = Debug|Any CPU
		{3BDC251F-F289-4D45-B527-253D69ED2541}.Release|Any CPU.ActiveCfg = Release|Any CPU
		{3BDC251F-F289-4D45-B527-253D69ED2541}.Release|Any CPU.Build.0 = Release|Any CPU
		{9BC2B14C-A87B-4579-AD4B-FC7E82474E2E}.Debug|Any CPU.ActiveCfg = Debug|Any CPU
		{9BC2B14C-A87B-4579-AD4B-FC7E82474E2E}.Debug|Any CPU.Build.0 = Debug|Any CPU
		{9BC2B14C-A87B-4579-AD4B-FC7E82474E2E}.Release|Any CPU.ActiveCfg = Release|Any CPU
		{9BC2B14C-A87B-4579-AD4B-FC7E82474E2E}.Release|Any CPU.Build.0 = Release|Any CPU
		{14091B25-7ADA-4364-A1D5-D034A3318E9B}.Debug|Any CPU.ActiveCfg = Debug|Any CPU
		{14091B25-7ADA-4364-A1D5-D034A3318E9B}.Debug|Any CPU.Build.0 = Debug|Any CPU
		{14091B25-7ADA-4364-A1D5-D034A3318E9B}.Release|Any CPU.ActiveCfg = Release|Any CPU
		{14091B25-7ADA-4364-A1D5-D034A3318E9B}.Release|Any CPU.Build.0 = Release|Any CPU
	EndGlobalSection
	GlobalSection(SolutionProperties) = preSolution
		HideSolutionNode = FALSE
	EndGlobalSection
	GlobalSection(NestedProjects) = preSolution
		{3967F374-A924-46AB-BA7F-4F9DF52167E7} = {57D54CBE-FBB4-42FB-A0AB-511E476200AD}
		{C9300898-1B0E-45EE-A2E2-6871393AE45D} = {57D54CBE-FBB4-42FB-A0AB-511E476200AD}
		{BB0232C4-6425-47BA-B0D8-E77184AB9B73} = {1F7C36B3-849B-4B69-8038-0C0C99382D7E}
		{6B3C634B-9100-4765-ACCF-0EC9C8FE423A} = {1F7C36B3-849B-4B69-8038-0C0C99382D7E}
		{02891628-B399-4D68-AB3B-0E6613CB0692} = {BB0232C4-6425-47BA-B0D8-E77184AB9B73}
		{C5DB9332-8009-4E1D-878E-7A6488E0C00D} = {C9300898-1B0E-45EE-A2E2-6871393AE45D}
		{81008336-34CD-4C53-937C-33B4D41889D7} = {BB0232C4-6425-47BA-B0D8-E77184AB9B73}
		{3BDC251F-F289-4D45-B527-253D69ED2541} = {57AD41FE-4618-49FE-84F4-5CB6B0E4AAEE}
		{9BC2B14C-A87B-4579-AD4B-FC7E82474E2E} = {3967F374-A924-46AB-BA7F-4F9DF52167E7}
		{14091B25-7ADA-4364-A1D5-D034A3318E9B} = {1812A8A7-C762-4B91-A37D-D8557F0995A5}
	EndGlobalSection
	GlobalSection(ExtensibilityGlobals) = postSolution
		SolutionGuid = {24DB8FDD-37CB-4BF5-BF90-B399B14279BF}
	EndGlobalSection
EndGlobal
